
Microsoft Visual Studio Solution File, Format Version 12.00
# Visual Studio Version 17
VisualStudioVersion = 17.7.34003.232
MinimumVisualStudioVersion = 10.0.40219.1
Project("{FAE04EC0-301F-11D3-BF4B-00C04F79EFBC}") = "DOANno1", "DOANno1\DOANno1.csproj", "{333C91DB-617A-4DEC-B44E-67FCC3F1AFBB}"
EndProject
Global
	GlobalSection(SolutionConfigurationPlatforms) = preSolution
		Debug|Any CPU = Debug|Any CPU
		Release|Any CPU = Release|Any CPU
	EndGlobalSection
	GlobalSection(ProjectConfigurationPlatforms) = postSolution
		{333C91DB-617A-4DEC-B44E-67FCC3F1AFBB}.Debug|Any CPU.ActiveCfg = Debug|Any CPU
		{333C91DB-617A-4DEC-B44E-67FCC3F1AFBB}.Debug|Any CPU.Build.0 = Debug|Any CPU
		{333C91DB-617A-4DEC-B44E-67FCC3F1AFBB}.Release|Any CPU.ActiveCfg = Release|Any CPU
		{333C91DB-617A-4DEC-B44E-67FCC3F1AFBB}.Release|Any CPU.Build.0 = Release|Any CPU
	EndGlobalSection
	GlobalSection(SolutionProperties) = preSolution
		HideSolutionNode = FALSE
	EndGlobalSection
	GlobalSection(ExtensibilityGlobals) = postSolution
		SolutionGuid = {58AAB87B-6724-47CA-A2B6-C6862BE2DC1F}
	EndGlobalSection
EndGlobal
